{
  "name": "wangyiyun_music",
  "version": "1.0.0",
  "lockfileVersion": 1,
  "requires": true,
  "dependencies": {
    "pubsub-js": {
      "version": "1.9.3",
      "resolved": "https://registry.npmjs.org/pubsub-js/-/pubsub-js-1.9.3.tgz",
      "integrity": "sha512-FhYYlPNOywTh7zN38u5AlG67emA47w6JZd7YgdQU1w8gQbZhhIGxVM0AQosdaINHb2ALb+fhfnVyBJAt4D4IzA=="
    },
    "vant-weapp": {
      "version": "0.5.29",
      "resolved": "https://registry.npmjs.org/vant-weapp/-/vant-weapp-0.5.29.tgz",
      "integrity": "sha512-RMc0Ga914XFwspw2WuOMU8bOHlIkua8X1DoQ/KPnGQzjwT1uEL4S7W186EmaHF1wN2krB9BVd0LdRRt39dGh6Q=="
    }
  }
}
